
Microsoft Visual Studio Solution File, Format Version 12.00
# Visual Studio Version 16
VisualStudioVersion = 16.0.29409.12
MinimumVisualStudioVersion = 10.0.40219.1
Project("{FAE04EC0-301F-11D3-BF4B-00C04F79EFBC}") = "APIExercise1", "APIExercise1.csproj", "{B1E23BC5-0F10-4F0F-846C-13E4C41F823A}"
EndProject
Global
	GlobalSection(SolutionConfigurationPlatforms) = preSolution
		Debug|Any CPU = Debug|Any CPU
		Release|Any CPU = Release|Any CPU
	EndGlobalSection
	GlobalSection(ProjectConfigurationPlatforms) = postSolution
		{B1E23BC5-0F10-4F0F-846C-13E4C41F823A}.Debug|Any CPU.ActiveCfg = Debug|Any CPU
		{B1E23BC5-0F10-4F0F-846C-13E4C41F823A}.Debug|Any CPU.Build.0 = Debug|Any CPU
		{B1E23BC5-0F10-4F0F-846C-13E4C41F823A}.Release|Any CPU.ActiveCfg = Release|Any CPU
		{B1E23BC5-0F10-4F0F-846C-13E4C41F823A}.Release|Any CPU.Build.0 = Release|Any CPU
	EndGlobalSection
	GlobalSection(SolutionProperties) = preSolution
		HideSolutionNode = FALSE
	EndGlobalSection
	GlobalSection(ExtensibilityGlobals) = postSolution
		SolutionGuid = {751C4094-D28C-4CAA-AA0E-DB51774F2FAD}
	EndGlobalSection
EndGlobal
